
Microsoft Visual Studio Solution File, Format Version 12.00
# Visual Studio Version 17
VisualStudioVersion = 17.11.35312.102
MinimumVisualStudioVersion = 10.0.40219.1
Project("{9A19103F-16F7-4668-BE54-9A1E7A4F7556}") = "SGS.OAD.DB", "SGS.OAD.DB\SGS.OAD.DB.csproj", "{3D514CA9-742D-4FED-9002-357F3CB6E5BC}"
EndProject
Project("{FAE04EC0-301F-11D3-BF4B-00C04F79EFBC}") = "Console472", "Console472\Console472.csproj", "{5CAA26D0-4F1F-4E13-A2CE-7ABA851BA79F}"
EndProject
Project("{FAE04EC0-301F-11D3-BF4B-00C04F79EFBC}") = "Console8", "Console8\Console8.csproj", "{BD0F3864-E73C-40B2-A114-C1D4C7CE5940}"
EndProject
Project("{FAE04EC0-301F-11D3-BF4B-00C04F79EFBC}") = "Console6", "Console6\Console6.csproj", "{94C33ABF-D05B-4D7C-BE67-5BDD14F638C1}"
EndProject
Global
	GlobalSection(SolutionConfigurationPlatforms) = preSolution
		Debug|Any CPU = Debug|Any CPU
		Release|Any CPU = Release|Any CPU
	EndGlobalSection
	GlobalSection(ProjectConfigurationPlatforms) = postSolution
		{3D514CA9-742D-4FED-9002-357F3CB6E5BC}.Debug|Any CPU.ActiveCfg = Debug|Any CPU
		{3D514CA9-742D-4FED-9002-357F3CB6E5BC}.Debug|Any CPU.Build.0 = Debug|Any CPU
		{3D514CA9-742D-4FED-9002-357F3CB6E5BC}.Release|Any CPU.ActiveCfg = Release|Any CPU
		{3D514CA9-742D-4FED-9002-357F3CB6E5BC}.Release|Any CPU.Build.0 = Release|Any CPU
		{5CAA26D0-4F1F-4E13-A2CE-7ABA851BA79F}.Debug|Any CPU.ActiveCfg = Debug|Any CPU
		{5CAA26D0-4F1F-4E13-A2CE-7ABA851BA79F}.Debug|Any CPU.Build.0 = Debug|Any CPU
		{5CAA26D0-4F1F-4E13-A2CE-7ABA851BA79F}.Release|Any CPU.ActiveCfg = Release|Any CPU
		{5CAA26D0-4F1F-4E13-A2CE-7ABA851BA79F}.Release|Any CPU.Build.0 = Release|Any CPU
		{BD0F3864-E73C-40B2-A114-C1D4C7CE5940}.Debug|Any CPU.ActiveCfg = Debug|Any CPU
		{BD0F3864-E73C-40B2-A114-C1D4C7CE5940}.Debug|Any CPU.Build.0 = Debug|Any CPU
		{BD0F3864-E73C-40B2-A114-C1D4C7CE5940}.Release|Any CPU.ActiveCfg = Release|Any CPU
		{BD0F3864-E73C-40B2-A114-C1D4C7CE5940}.Release|Any CPU.Build.0 = Release|Any CPU
		{94C33ABF-D05B-4D7C-BE67-5BDD14F638C1}.Debug|Any CPU.ActiveCfg = Debug|Any CPU
		{94C33ABF-D05B-4D7C-BE67-5BDD14F638C1}.Debug|Any CPU.Build.0 = Debug|Any CPU
		{94C33ABF-D05B-4D7C-BE67-5BDD14F638C1}.Release|Any CPU.ActiveCfg = Release|Any CPU
		{94C33ABF-D05B-4D7C-BE67-5BDD14F638C1}.Release|Any CPU.Build.0 = Release|Any CPU
	EndGlobalSection
	GlobalSection(SolutionProperties) = preSolution
		HideSolutionNode = FALSE
	EndGlobalSection
	GlobalSection(ExtensibilityGlobals) = postSolution
		SolutionGuid = {1360A64D-AF94-449A-9982-EE21B1DC17B6}
	EndGlobalSection
EndGlobal
