
Microsoft Visual Studio Solution File, Format Version 12.00
# Visual Studio Version 17
VisualStudioVersion = 17.11.35312.102
MinimumVisualStudioVersion = 10.0.40219.1
Project("{9A19103F-16F7-4668-BE54-9A1E7A4F7556}") = "Console6", "Console6\Console6.csproj", "{878C67D8-FC9D-485E-B2E1-821084A4C243}"
EndProject
Project("{FAE04EC0-301F-11D3-BF4B-00C04F79EFBC}") = "Console46", "Console46\Console46.csproj", "{806662A8-FB8A-44B9-9554-17343434AF6A}"
EndProject
Project("{9A19103F-16F7-4668-BE54-9A1E7A4F7556}") = "SGS.OAD.DB", "SGS.OAD.DB\SGS.OAD.DB.csproj", "{3D514CA9-742D-4FED-9002-357F3CB6E5BC}"
EndProject
Global
	GlobalSection(SolutionConfigurationPlatforms) = preSolution
		Debug|Any CPU = Debug|Any CPU
		Release|Any CPU = Release|Any CPU
	EndGlobalSection
	GlobalSection(ProjectConfigurationPlatforms) = postSolution
		{878C67D8-FC9D-485E-B2E1-821084A4C243}.Debug|Any CPU.ActiveCfg = Debug|Any CPU
		{878C67D8-FC9D-485E-B2E1-821084A4C243}.Debug|Any CPU.Build.0 = Debug|Any CPU
		{878C67D8-FC9D-485E-B2E1-821084A4C243}.Release|Any CPU.ActiveCfg = Release|Any CPU
		{878C67D8-FC9D-485E-B2E1-821084A4C243}.Release|Any CPU.Build.0 = Release|Any CPU
		{806662A8-FB8A-44B9-9554-17343434AF6A}.Debug|Any CPU.ActiveCfg = Debug|Any CPU
		{806662A8-FB8A-44B9-9554-17343434AF6A}.Debug|Any CPU.Build.0 = Debug|Any CPU
		{806662A8-FB8A-44B9-9554-17343434AF6A}.Release|Any CPU.ActiveCfg = Release|Any CPU
		{806662A8-FB8A-44B9-9554-17343434AF6A}.Release|Any CPU.Build.0 = Release|Any CPU
		{3D514CA9-742D-4FED-9002-357F3CB6E5BC}.Debug|Any CPU.ActiveCfg = Debug|Any CPU
		{3D514CA9-742D-4FED-9002-357F3CB6E5BC}.Debug|Any CPU.Build.0 = Debug|Any CPU
		{3D514CA9-742D-4FED-9002-357F3CB6E5BC}.Release|Any CPU.ActiveCfg = Release|Any CPU
		{3D514CA9-742D-4FED-9002-357F3CB6E5BC}.Release|Any CPU.Build.0 = Release|Any CPU
	EndGlobalSection
	GlobalSection(SolutionProperties) = preSolution
		HideSolutionNode = FALSE
	EndGlobalSection
	GlobalSection(ExtensibilityGlobals) = postSolution
		SolutionGuid = {1360A64D-AF94-449A-9982-EE21B1DC17B6}
	EndGlobalSection
EndGlobal
